
Microsoft Visual Studio Solution File, Format Version 12.00
# Visual Studio Version 16
VisualStudioVersion = 16.0.32002.261
MinimumVisualStudioVersion = 10.0.40219.1
Project("{FAE04EC0-301F-11D3-BF4B-00C04F79EFBC}") = "Mission13", "Mission13.csproj", "{CED50933-79D9-4091-89F6-3D2B4EFD0ECE}"
EndProject
Global
	GlobalSection(SolutionConfigurationPlatforms) = preSolution
		Debug|Any CPU = Debug|Any CPU
		Release|Any CPU = Release|Any CPU
	EndGlobalSection
	GlobalSection(ProjectConfigurationPlatforms) = postSolution
		{CED50933-79D9-4091-89F6-3D2B4EFD0ECE}.Debug|Any CPU.ActiveCfg = Debug|Any CPU
		{CED50933-79D9-4091-89F6-3D2B4EFD0ECE}.Debug|Any CPU.Build.0 = Debug|Any CPU
		{CED50933-79D9-4091-89F6-3D2B4EFD0ECE}.Release|Any CPU.ActiveCfg = Release|Any CPU
		{CED50933-79D9-4091-89F6-3D2B4EFD0ECE}.Release|Any CPU.Build.0 = Release|Any CPU
	EndGlobalSection
	GlobalSection(SolutionProperties) = preSolution
		HideSolutionNode = FALSE
	EndGlobalSection
	GlobalSection(ExtensibilityGlobals) = postSolution
		SolutionGuid = {F3F9B0A3-0294-4946-9DEA-65207AD37177}
	EndGlobalSection
EndGlobal
